// !$*UTF8*$!
{
	archiveVersion = 1;
	classes = {
	};
	objectVersion = 50;
	objects = {

/* Begin PBXBuildFile section */
		688893A9268145EF00024D32 /* SwiftUILayoutsApp.swift in Sources */ = {isa = PBXBuildFile; fileRef = 688893A8268145EF00024D32 /* SwiftUILayoutsApp.swift */; };
		688893AB268145EF00024D32 /* LazyGenreStackView.swift in Sources */ = {isa = PBXBuildFile; fileRef = 688893AA268145EF00024D32 /* LazyGenreStackView.swift */; };
		688893AD268145F200024D32 /* Assets.xcassets in Resources */ = {isa = PBXBuildFile; fileRef = 688893AC268145F200024D32 /* Assets.xcassets */; };
		688893B0268145F200024D32 /* Preview Assets.xcassets in Resources */ = {isa = PBXBuildFile; fileRef = 688893AF268145F200024D32 /* Preview Assets.xcassets */; };
		688893B82681489600024D32 /* Genre.swift in Sources */ = {isa = PBXBuildFile; fileRef = 688893B72681489600024D32 /* Genre.swift */; };
		688893BB268149AA00024D32 /* Color.swift in Sources */ = {isa = PBXBuildFile; fileRef = 688893BA268149AA00024D32 /* Color.swift */; };
		688893BD268149E500024D32 /* SIMD3.swift in Sources */ = {isa = PBXBuildFile; fileRef = 688893BC268149E500024D32 /* SIMD3.swift */; };
		688893BF26814A0100024D32 /* BlurView.swift in Sources */ = {isa = PBXBuildFile; fileRef = 688893BE26814A0100024D32 /* BlurView.swift */; };
		688893C126814A1F00024D32 /* Hashable.swift in Sources */ = {isa = PBXBuildFile; fileRef = 688893C026814A1F00024D32 /* Hashable.swift */; };
		688893C326814A5400024D32 /* UIViewRepresentable.swift in Sources */ = {isa = PBXBuildFile; fileRef = 688893C226814A5400024D32 /* UIViewRepresentable.swift */; };
		688893C52682749A00024D32 /* SubgenreGreedView.swift in Sources */ = {isa = PBXBuildFile; fileRef = 688893C42682749A00024D32 /* SubgenreGreedView.swift */; };
		688893C726836F9700024D32 /* TweetStackViews.swift in Sources */ = {isa = PBXBuildFile; fileRef = 688893C626836F9700024D32 /* TweetStackViews.swift */; };
		688893CA26838A9500024D32 /* SingleAxisAlignmentID.swift in Sources */ = {isa = PBXBuildFile; fileRef = 688893C926838A9500024D32 /* SingleAxisAlignmentID.swift */; };
		688893CC26838ACD00024D32 /* Razémon.swift in Sources */ = {isa = PBXBuildFile; fileRef = 688893CB26838ACD00024D32 /* Razémon.swift */; };
		688893CE26838B7F00024D32 /* AligningViews.swift in Sources */ = {isa = PBXBuildFile; fileRef = 688893CD26838B7F00024D32 /* AligningViews.swift */; };
/* End PBXBuildFile section */

/* Begin PBXFileReference section */
		688893A5268145EF00024D32 /* SwiftUILayouts.app */ = {isa = PBXFileReference; explicitFileType = wrapper.application; includeInIndex = 0; path = SwiftUILayouts.app; sourceTree = BUILT_PRODUCTS_DIR; };
		688893A8268145EF00024D32 /* SwiftUILayoutsApp.swift */ = {isa = PBXFileReference; lastKnownFileType = sourcecode.swift; path = SwiftUILayoutsApp.swift; sourceTree = "<group>"; };
		688893AA268145EF00024D32 /* LazyGenreStackView.swift */ = {isa = PBXFileReference; lastKnownFileType = sourcecode.swift; path = LazyGenreStackView.swift; sourceTree = "<group>"; };
		688893AC268145F200024D32 /* Assets.xcassets */ = {isa = PBXFileReference; lastKnownFileType = folder.assetcatalog; path = Assets.xcassets; sourceTree = "<group>"; };
		688893AF268145F200024D32 /* Preview Assets.xcassets */ = {isa = PBXFileReference; lastKnownFileType = folder.assetcatalog; path = "Preview Assets.xcassets"; sourceTree = "<group>"; };
		688893B1268145F200024D32 /* Info.plist */ = {isa = PBXFileReference; lastKnownFileType = text.plist.xml; path = Info.plist; sourceTree = "<group>"; };
		688893B72681489600024D32 /* Genre.swift */ = {isa = PBXFileReference; lastKnownFileType = sourcecode.swift; path = Genre.swift; sourceTree = "<group>"; };
		688893BA268149AA00024D32 /* Color.swift */ = {isa = PBXFileReference; lastKnownFileType = sourcecode.swift; path = Color.swift; sourceTree = "<group>"; };
		688893BC268149E500024D32 /* SIMD3.swift */ = {isa = PBXFileReference; lastKnownFileType = sourcecode.swift; path = SIMD3.swift; sourceTree = "<group>"; };
		688893BE26814A0100024D32 /* BlurView.swift */ = {isa = PBXFileReference; lastKnownFileType = sourcecode.swift; path = BlurView.swift; sourceTree = "<group>"; };
		688893C026814A1F00024D32 /* Hashable.swift */ = {isa = PBXFileReference; lastKnownFileType = sourcecode.swift; path = Hashable.swift; sourceTree = "<group>"; };
		688893C226814A5400024D32 /* UIViewRepresentable.swift */ = {isa = PBXFileReference; lastKnownFileType = sourcecode.swift; path = UIViewRepresentable.swift; sourceTree = "<group>"; };
		688893C42682749A00024D32 /* SubgenreGreedView.swift */ = {isa = PBXFileReference; lastKnownFileType = sourcecode.swift; path = SubgenreGreedView.swift; sourceTree = "<group>"; };
		688893C626836F9700024D32 /* TweetStackViews.swift */ = {isa = PBXFileReference; lastKnownFileType = sourcecode.swift; path = TweetStackViews.swift; sourceTree = "<group>"; };
		688893C926838A9500024D32 /* SingleAxisAlignmentID.swift */ = {isa = PBXFileReference; lastKnownFileType = sourcecode.swift; path = SingleAxisAlignmentID.swift; sourceTree = "<group>"; };
		688893CB26838ACD00024D32 /* Razémon.swift */ = {isa = PBXFileReference; lastKnownFileType = sourcecode.swift; path = "Razémon.swift"; sourceTree = "<group>"; };
		688893CD26838B7F00024D32 /* AligningViews.swift */ = {isa = PBXFileReference; lastKnownFileType = sourcecode.swift; path = AligningViews.swift; sourceTree = "<group>"; };
/* End PBXFileReference section */

/* Begin PBXFrameworksBuildPhase section */
		688893A2268145EF00024D32 /* Frameworks */ = {
			isa = PBXFrameworksBuildPhase;
			buildActionMask = 2147483647;
			files = (
			);
			runOnlyForDeploymentPostprocessing = 0;
		};
/* End PBXFrameworksBuildPhase section */

/* Begin PBXGroup section */
		68755E8C2683B57A00592F7F /* RlationalAlignments */ = {
			isa = PBXGroup;
			children = (
				688893CB26838ACD00024D32 /* Razémon.swift */,
				688893C926838A9500024D32 /* SingleAxisAlignmentID.swift */,
				688893CD26838B7F00024D32 /* AligningViews.swift */,
			);
			path = RlationalAlignments;
			sourceTree = "<group>";
		};
		68755E8D2683B6CB00592F7F /* Grid&Hstack */ = {
			isa = PBXGroup;
			children = (
				688893AA268145EF00024D32 /* LazyGenreStackView.swift */,
				688893B72681489600024D32 /* Genre.swift */,
				688893C42682749A00024D32 /* SubgenreGreedView.swift */,
				688893C626836F9700024D32 /* TweetStackViews.swift */,
			);
			path = "Grid&Hstack";
			sourceTree = "<group>";
		};
		6888939C268145EF00024D32 = {
			isa = PBXGroup;
			children = (
				688893A7268145EF00024D32 /* SwiftUILayouts */,
				688893A6268145EF00024D32 /* Products */,
			);
			sourceTree = "<group>";
		};
		688893A6268145EF00024D32 /* Products */ = {
			isa = PBXGroup;
			children = (
				688893A5268145EF00024D32 /* SwiftUILayouts.app */,
			);
			name = Products;
			sourceTree = "<group>";
		};
		688893A7268145EF00024D32 /* SwiftUILayouts */ = {
			isa = PBXGroup;
			children = (
				688893B92681499500024D32 /* extension */,
				688893A8268145EF00024D32 /* SwiftUILayoutsApp.swift */,
				68755E8D2683B6CB00592F7F /* Grid&Hstack */,
				688893AC268145F200024D32 /* Assets.xcassets */,
				688893B1268145F200024D32 /* Info.plist */,
				688893AE268145F200024D32 /* Preview Content */,
				68755E8C2683B57A00592F7F /* RlationalAlignments */,
			);
			path = SwiftUILayouts;
			sourceTree = "<group>";
		};
		688893AE268145F200024D32 /* Preview Content */ = {
			isa = PBXGroup;
			children = (
				688893AF268145F200024D32 /* Preview Assets.xcassets */,
			);
			path = "Preview Content";
			sourceTree = "<group>";
		};
		688893B92681499500024D32 /* extension */ = {
			isa = PBXGroup;
			children = (
				688893BA268149AA00024D32 /* Color.swift */,
				688893BC268149E500024D32 /* SIMD3.swift */,
				688893BE26814A0100024D32 /* BlurView.swift */,
				688893C026814A1F00024D32 /* Hashable.swift */,
				688893C226814A5400024D32 /* UIViewRepresentable.swift */,
			);
			path = extension;
			sourceTree = "<group>";
		};
/* End PBXGroup section */

/* Begin PBXNativeTarget section */
		688893A4268145EF00024D32 /* SwiftUILayouts */ = {
			isa = PBXNativeTarget;
			buildConfigurationList = 688893B4268145F200024D32 /* Build configuration list for PBXNativeTarget "SwiftUILayouts" */;
			buildPhases = (
				688893A1268145EF00024D32 /* Sources */,
				688893A2268145EF00024D32 /* Frameworks */,
				688893A3268145EF00024D32 /* Resources */,
			);
			buildRules = (
			);
			dependencies = (
			);
			name = SwiftUILayouts;
			productName = SwiftUILayouts;
			productReference = 688893A5268145EF00024D32 /* SwiftUILayouts.app */;
			productType = "com.apple.product-type.application";
		};
/* End PBXNativeTarget section */

/* Begin PBXProject section */
		6888939D268145EF00024D32 /* Project object */ = {
			isa = PBXProject;
			attributes = {
				LastSwiftUpdateCheck = 1250;
				LastUpgradeCheck = 1250;
				TargetAttributes = {
					688893A4268145EF00024D32 = {
						CreatedOnToolsVersion = 12.5;
					};
				};
			};
			buildConfigurationList = 688893A0268145EF00024D32 /* Build configuration list for PBXProject "SwiftUILayouts" */;
			compatibilityVersion = "Xcode 9.3";
			developmentRegion = en;
			hasScannedForEncodings = 0;
			knownRegions = (
				en,
				Base,
			);
			mainGroup = 6888939C268145EF00024D32;
			productRefGroup = 688893A6268145EF00024D32 /* Products */;
			projectDirPath = "";
			projectRoot = "";
			targets = (
				688893A4268145EF00024D32 /* SwiftUILayouts */,
			);
		};
/* End PBXProject section */

/* Begin PBXResourcesBuildPhase section */
		688893A3268145EF00024D32 /* Resources */ = {
			isa = PBXResourcesBuildPhase;
			buildActionMask = 2147483647;
			files = (
				688893B0268145F200024D32 /* Preview Assets.xcassets in Resources */,
				688893AD268145F200024D32 /* Assets.xcassets in Resources */,
			);
			runOnlyForDeploymentPostprocessing = 0;
		};
/* End PBXResourcesBuildPhase section */

/* Begin PBXSourcesBuildPhase section */
		688893A1268145EF00024D32 /* Sources */ = {
			isa = PBXSourcesBuildPhase;
			buildActionMask = 2147483647;
			files = (
				688893B82681489600024D32 /* Genre.swift in Sources */,
				688893C726836F9700024D32 /* TweetStackViews.swift in Sources */,
				688893C326814A5400024D32 /* UIViewRepresentable.swift in Sources */,
				688893C52682749A00024D32 /* SubgenreGreedView.swift in Sources */,
				688893BD268149E500024D32 /* SIMD3.swift in Sources */,
				688893CE26838B7F00024D32 /* AligningViews.swift in Sources */,
				688893BB268149AA00024D32 /* Color.swift in Sources */,
				688893C126814A1F00024D32 /* Hashable.swift in Sources */,
				688893AB268145EF00024D32 /* LazyGenreStackView.swift in Sources */,
				688893A9268145EF00024D32 /* SwiftUILayoutsApp.swift in Sources */,
				688893BF26814A0100024D32 /* BlurView.swift in Sources */,
				688893CC26838ACD00024D32 /* Razémon.swift in Sources */,
				688893CA26838A9500024D32 /* SingleAxisAlignmentID.swift in Sources */,
			);
			runOnlyForDeploymentPostprocessing = 0;
		};
/* End PBXSourcesBuildPhase section */

/* Begin XCBuildConfiguration section */
		688893B2268145F200024D32 /* Debug */ = {
			isa = XCBuildConfiguration;
			buildSettings = {
				ALWAYS_SEARCH_USER_PATHS = NO;
				CLANG_ANALYZER_NONNULL = YES;
				CLANG_ANALYZER_NUMBER_OBJECT_CONVERSION = YES_AGGRESSIVE;
				CLANG_CXX_LANGUAGE_STANDARD = "gnu++14";
				CLANG_CXX_LIBRARY = "libc++";
				CLANG_ENABLE_MODULES = YES;
				CLANG_ENABLE_OBJC_ARC = YES;
				CLANG_ENABLE_OBJC_WEAK = YES;
				CLANG_WARN_BLOCK_CAPTURE_AUTORELEASING = YES;
				CLANG_WARN_BOOL_CONVERSION = YES;
				CLANG_WARN_COMMA = YES;
				CLANG_WARN_CONSTANT_CONVERSION = YES;
				CLANG_WARN_DEPRECATED_OBJC_IMPLEMENTATIONS = YES;
				CLANG_WARN_DIRECT_OBJC_ISA_USAGE = YES_ERROR;
				CLANG_WARN_DOCUMENTATION_COMMENTS = YES;
				CLANG_WARN_EMPTY_BODY = YES;
				CLANG_WARN_ENUM_CONVERSION = YES;
				CLANG_WARN_INFINITE_RECURSION = YES;
				CLANG_WARN_INT_CONVERSION = YES;
				CLANG_WARN_NON_LITERAL_NULL_CONVERSION = YES;
				CLANG_WARN_OBJC_IMPLICIT_RETAIN_SELF = YES;
				CLANG_WARN_OBJC_LITERAL_CONVERSION = YES;
				CLANG_WARN_OBJC_ROOT_CLASS = YES_ERROR;
				CLANG_WARN_QUOTED_INCLUDE_IN_FRAMEWORK_HEADER = YES;
				CLANG_WARN_RANGE_LOOP_ANALYSIS = YES;
				CLANG_WARN_STRICT_PROTOTYPES = YES;
				CLANG_WARN_SUSPICIOUS_MOVE = YES;
				CLANG_WARN_UNGUARDED_AVAILABILITY = YES_AGGRESSIVE;
				CLANG_WARN_UNREACHABLE_CODE = YES;
				CLANG_WARN__DUPLICATE_METHOD_MATCH = YES;
				COPY_PHASE_STRIP = NO;
				DEBUG_INFORMATION_FORMAT = dwarf;
				ENABLE_STRICT_OBJC_MSGSEND = YES;
				ENABLE_TESTABILITY = YES;
				GCC_C_LANGUAGE_STANDARD = gnu11;
				GCC_DYNAMIC_NO_PIC = NO;
				GCC_NO_COMMON_BLOCKS = YES;
				GCC_OPTIMIZATION_LEVEL = 0;
				GCC_PREPROCESSOR_DEFINITIONS = (
					"DEBUG=1",
					"$(inherited)",
				);
				GCC_WARN_64_TO_32_BIT_CONVERSION = YES;
				GCC_WARN_ABOUT_RETURN_TYPE = YES_ERROR;
				GCC_WARN_UNDECLARED_SELECTOR = YES;
				GCC_WARN_UNINITIALIZED_AUTOS = YES_AGGRESSIVE;
				GCC_WARN_UNUSED_FUNCTION = YES;
				GCC_WARN_UNUSED_VARIABLE = YES;
				IPHONEOS_DEPLOYMENT_TARGET = 14.5;
				MTL_ENABLE_DEBUG_INFO = INCLUDE_SOURCE;
				MTL_FAST_MATH = YES;
				ONLY_ACTIVE_ARCH = YES;
				SDKROOT = iphoneos;
				SWIFT_ACTIVE_COMPILATION_CONDITIONS = DEBUG;
				SWIFT_OPTIMIZATION_LEVEL = "-Onone";
			};
			name = Debug;
		};
		688893B3268145F200024D32 /* Release */ = {
			isa = XCBuildConfiguration;
			buildSettings = {
				ALWAYS_SEARCH_USER_PATHS = NO;
				CLANG_ANALYZER_NONNULL = YES;
				CLANG_ANALYZER_NUMBER_OBJECT_CONVERSION = YES_AGGRESSIVE;
				CLANG_CXX_LANGUAGE_STANDARD = "gnu++14";
				CLANG_CXX_LIBRARY = "libc++";
				CLANG_ENABLE_MODULES = YES;
				CLANG_ENABLE_OBJC_ARC = YES;
				CLANG_ENABLE_OBJC_WEAK = YES;
				CLANG_WARN_BLOCK_CAPTURE_AUTORELEASING = YES;
				CLANG_WARN_BOOL_CONVERSION = YES;
				CLANG_WARN_COMMA = YES;
				CLANG_WARN_CONSTANT_CONVERSION = YES;
				CLANG_WARN_DEPRECATED_OBJC_IMPLEMENTATIONS = YES;
				CLANG_WARN_DIRECT_OBJC_ISA_USAGE = YES_ERROR;
				CLANG_WARN_DOCUMENTATION_COMMENTS = YES;
				CLANG_WARN_EMPTY_BODY = YES;
				CLANG_WARN_ENUM_CONVERSION = YES;
				CLANG_WARN_INFINITE_RECURSION = YES;
				CLANG_WARN_INT_CONVERSION = YES;
				CLANG_WARN_NON_LITERAL_NULL_CONVERSION = YES;
				CLANG_WARN_OBJC_IMPLICIT_RETAIN_SELF = YES;
				CLANG_WARN_OBJC_LITERAL_CONVERSION = YES;
				CLANG_WARN_OBJC_ROOT_CLASS = YES_ERROR;
				CLANG_WARN_QUOTED_INCLUDE_IN_FRAMEWORK_HEADER = YES;
				CLANG_WARN_RANGE_LOOP_ANALYSIS = YES;
				CLANG_WARN_STRICT_PROTOTYPES = YES;
				CLANG_WARN_SUSPICIOUS_MOVE = YES;
				CLANG_WARN_UNGUARDED_AVAILABILITY = YES_AGGRESSIVE;
				CLANG_WARN_UNREACHABLE_CODE = YES;
				CLANG_WARN__DUPLICATE_METHOD_MATCH = YES;
				COPY_PHASE_STRIP = NO;
				DEBUG_INFORMATION_FORMAT = "dwarf-with-dsym";
				ENABLE_NS_ASSERTIONS = NO;
				ENABLE_STRICT_OBJC_MSGSEND = YES;
				GCC_C_LANGUAGE_STANDARD = gnu11;
				GCC_NO_COMMON_BLOCKS = YES;
				GCC_WARN_64_TO_32_BIT_CONVERSION = YES;
				GCC_WARN_ABOUT_RETURN_TYPE = YES_ERROR;
				GCC_WARN_UNDECLARED_SELECTOR = YES;
				GCC_WARN_UNINITIALIZED_AUTOS = YES_AGGRESSIVE;
				GCC_WARN_UNUSED_FUNCTION = YES;
				GCC_WARN_UNUSED_VARIABLE = YES;
				IPHONEOS_DEPLOYMENT_TARGET = 14.5;
				MTL_ENABLE_DEBUG_INFO = NO;
				MTL_FAST_MATH = YES;
				SDKROOT = iphoneos;
				SWIFT_COMPILATION_MODE = wholemodule;
				SWIFT_OPTIMIZATION_LEVEL = "-O";
				VALIDATE_PRODUCT = YES;
			};
			name = Release;
		};
		688893B5268145F200024D32 /* Debug */ = {
			isa = XCBuildConfiguration;
			buildSettings = {
				ASSETCATALOG_COMPILER_APPICON_NAME = AppIcon;
				ASSETCATALOG_COMPILER_GLOBAL_ACCENT_COLOR_NAME = AccentColor;
				CODE_SIGN_STYLE = Automatic;
				DEVELOPMENT_ASSET_PATHS = "\"SwiftUILayouts/Preview Content\"";
				DEVELOPMENT_TEAM = 4U2DW67G88;
				ENABLE_PREVIEWS = YES;
				INFOPLIST_FILE = SwiftUILayouts/Info.plist;
				IPHONEOS_DEPLOYMENT_TARGET = 14.0;
				LD_RUNPATH_SEARCH_PATHS = (
					"$(inherited)",
					"@executable_path/Frameworks",
				);
				PRODUCT_BUNDLE_IDENTIFIER = com.bogdanov.swiftuilayouts.SwiftUILayouts;
				PRODUCT_NAME = "$(TARGET_NAME)";
				SWIFT_VERSION = 5.0;
				TARGETED_DEVICE_FAMILY = "1,2";
			};
			name = Debug;
		};
		688893B6268145F200024D32 /* Release */ = {
			isa = XCBuildConfiguration;
			buildSettings = {
				ASSETCATALOG_COMPILER_APPICON_NAME = AppIcon;
				ASSETCATALOG_COMPILER_GLOBAL_ACCENT_COLOR_NAME = AccentColor;
				CODE_SIGN_STYLE = Automatic;
				DEVELOPMENT_ASSET_PATHS = "\"SwiftUILayouts/Preview Content\"";
				DEVELOPMENT_TEAM = 4U2DW67G88;
				ENABLE_PREVIEWS = YES;
				INFOPLIST_FILE = SwiftUILayouts/Info.plist;
				IPHONEOS_DEPLOYMENT_TARGET = 14.0;
				LD_RUNPATH_SEARCH_PATHS = (
					"$(inherited)",
					"@executable_path/Frameworks",
				);
				PRODUCT_BUNDLE_IDENTIFIER = com.bogdanov.swiftuilayouts.SwiftUILayouts;
				PRODUCT_NAME = "$(TARGET_NAME)";
				SWIFT_VERSION = 5.0;
				TARGETED_DEVICE_FAMILY = "1,2";
			};
			name = Release;
		};
/* End XCBuildConfiguration section */

/* Begin XCConfigurationList section */
		688893A0268145EF00024D32 /* Build configuration list for PBXProject "SwiftUILayouts" */ = {
			isa = XCConfigurationList;
			buildConfigurations = (
				688893B2268145F200024D32 /* Debug */,
				688893B3268145F200024D32 /* Release */,
			);
			defaultConfigurationIsVisible = 0;
			defaultConfigurationName = Release;
		};
		688893B4268145F200024D32 /* Build configuration list for PBXNativeTarget "SwiftUILayouts" */ = {
			isa = XCConfigurationList;
			buildConfigurations = (
				688893B5268145F200024D32 /* Debug */,
				688893B6268145F200024D32 /* Release */,
			);
			defaultConfigurationIsVisible = 0;
			defaultConfigurationName = Release;
		};
/* End XCConfigurationList section */
	};
	rootObject = 6888939D268145EF00024D32 /* Project object */;
}
